
Microsoft Visual Studio Solution File, Format Version 12.00
# Visual Studio Version 17
VisualStudioVersion = 17.6.33723.286
MinimumVisualStudioVersion = 10.0.40219.1
Project("{FAE04EC0-301F-11D3-BF4B-00C04F79EFBC}") = "SortingAlgorithms", "SortingAlgorithms\SortingAlgorithms.csproj", "{AF70A137-A812-4CCA-AB81-AFE080D8314A}"
EndProject
Global
	GlobalSection(SolutionConfigurationPlatforms) = preSolution
		Debug|Any CPU = Debug|Any CPU
		Release|Any CPU = Release|Any CPU
	EndGlobalSection
	GlobalSection(ProjectConfigurationPlatforms) = postSolution
		{AF70A137-A812-4CCA-AB81-AFE080D8314A}.Debug|Any CPU.ActiveCfg = Debug|Any CPU
		{AF70A137-A812-4CCA-AB81-AFE080D8314A}.Debug|Any CPU.Build.0 = Debug|Any CPU
		{AF70A137-A812-4CCA-AB81-AFE080D8314A}.Release|Any CPU.ActiveCfg = Release|Any CPU
		{AF70A137-A812-4CCA-AB81-AFE080D8314A}.Release|Any CPU.Build.0 = Release|Any CPU
	EndGlobalSection
	GlobalSection(SolutionProperties) = preSolution
		HideSolutionNode = FALSE
	EndGlobalSection
	GlobalSection(ExtensibilityGlobals) = postSolution
		SolutionGuid = {5A31E648-CF06-4749-AAAC-AB27D0BBFEFB}
	EndGlobalSection
EndGlobal
